<Solution>
  <Project Path="GatewayService/GatewayService.csproj" />
  <Project Path="OrderService/OrderService.csproj" />
  <Project Path="PaymentService/PaymentService.csproj" />
  <Project Path="ReservationService/ReservationService.csproj" />
  <Project Path="TicketCatalogService/TicketCatalogService.csproj" />
</Solution>
